
Microsoft Visual Studio Solution File, Format Version 11.00
# Visual Studio 2010
Project("{FAE04EC0-301F-11D3-BF4B-00C04F79EFBC}") = "BLL", "BLL\BLL.csproj", "{A5C41278-CD5B-4EDC-9119-8F00F13C8640}"
EndProject
Project("{FAE04EC0-301F-11D3-BF4B-00C04F79EFBC}") = "DAL", "DAL\DAL.csproj", "{8FA925D8-C6FB-47DE-892C-1986B4E07174}"
EndProject
Project("{FAE04EC0-301F-11D3-BF4B-00C04F79EFBC}") = "Models", "Models\Models.csproj", "{9CE60D07-D367-4BA8-BFBE-CF5598FC414D}"
EndProject
Project("{FAE04EC0-301F-11D3-BF4B-00C04F79EFBC}") = "SmartSchoolUI", "SmartSchoolUI\SmartSchoolUI.csproj", "{EE998776-9F5A-4CA6-8291-9E55786D1989}"
EndProject
Global
	GlobalSection(SolutionConfigurationPlatforms) = preSolution
		Debug|Any CPU = Debug|Any CPU
		Debug|Mixed Platforms = Debug|Mixed Platforms
		Debug|x86 = Debug|x86
		Release|Any CPU = Release|Any CPU
		Release|Mixed Platforms = Release|Mixed Platforms
		Release|x86 = Release|x86
	EndGlobalSection
	GlobalSection(ProjectConfigurationPlatforms) = postSolution
		{A5C41278-CD5B-4EDC-9119-8F00F13C8640}.Debug|Any CPU.ActiveCfg = Debug|Any CPU
		{A5C41278-CD5B-4EDC-9119-8F00F13C8640}.Debug|Any CPU.Build.0 = Debug|Any CPU
		{A5C41278-CD5B-4EDC-9119-8F00F13C8640}.Debug|Mixed Platforms.ActiveCfg = Debug|Any CPU
		{A5C41278-CD5B-4EDC-9119-8F00F13C8640}.Debug|Mixed Platforms.Build.0 = Debug|Any CPU
		{A5C41278-CD5B-4EDC-9119-8F00F13C8640}.Debug|x86.ActiveCfg = Debug|Any CPU
		{A5C41278-CD5B-4EDC-9119-8F00F13C8640}.Release|Any CPU.ActiveCfg = Release|Any CPU
		{A5C41278-CD5B-4EDC-9119-8F00F13C8640}.Release|Any CPU.Build.0 = Release|Any CPU
		{A5C41278-CD5B-4EDC-9119-8F00F13C8640}.Release|Mixed Platforms.ActiveCfg = Release|Any CPU
		{A5C41278-CD5B-4EDC-9119-8F00F13C8640}.Release|Mixed Platforms.Build.0 = Release|Any CPU
		{A5C41278-CD5B-4EDC-9119-8F00F13C8640}.Release|x86.ActiveCfg = Release|Any CPU
		{8FA925D8-C6FB-47DE-892C-1986B4E07174}.Debug|Any CPU.ActiveCfg = Debug|Any CPU
		{8FA925D8-C6FB-47DE-892C-1986B4E07174}.Debug|Any CPU.Build.0 = Debug|Any CPU
		{8FA925D8-C6FB-47DE-892C-1986B4E07174}.Debug|Mixed Platforms.ActiveCfg = Debug|Any CPU
		{8FA925D8-C6FB-47DE-892C-1986B4E07174}.Debug|Mixed Platforms.Build.0 = Debug|Any CPU
		{8FA925D8-C6FB-47DE-892C-1986B4E07174}.Debug|x86.ActiveCfg = Debug|Any CPU
		{8FA925D8-C6FB-47DE-892C-1986B4E07174}.Release|Any CPU.ActiveCfg = Release|Any CPU
		{8FA925D8-C6FB-47DE-892C-1986B4E07174}.Release|Any CPU.Build.0 = Release|Any CPU
		{8FA925D8-C6FB-47DE-892C-1986B4E07174}.Release|Mixed Platforms.ActiveCfg = Release|Any CPU
		{8FA925D8-C6FB-47DE-892C-1986B4E07174}.Release|Mixed Platforms.Build.0 = Release|Any CPU
		{8FA925D8-C6FB-47DE-892C-1986B4E07174}.Release|x86.ActiveCfg = Release|Any CPU
		{9CE60D07-D367-4BA8-BFBE-CF5598FC414D}.Debug|Any CPU.ActiveCfg = Debug|Any CPU
		{9CE60D07-D367-4BA8-BFBE-CF5598FC414D}.Debug|Any CPU.Build.0 = Debug|Any CPU
		{9CE60D07-D367-4BA8-BFBE-CF5598FC414D}.Debug|Mixed Platforms.ActiveCfg = Debug|Any CPU
		{9CE60D07-D367-4BA8-BFBE-CF5598FC414D}.Debug|Mixed Platforms.Build.0 = Debug|Any CPU
		{9CE60D07-D367-4BA8-BFBE-CF5598FC414D}.Debug|x86.ActiveCfg = Debug|Any CPU
		{9CE60D07-D367-4BA8-BFBE-CF5598FC414D}.Release|Any CPU.ActiveCfg = Release|Any CPU
		{9CE60D07-D367-4BA8-BFBE-CF5598FC414D}.Release|Any CPU.Build.0 = Release|Any CPU
		{9CE60D07-D367-4BA8-BFBE-CF5598FC414D}.Release|Mixed Platforms.ActiveCfg = Release|Any CPU
		{9CE60D07-D367-4BA8-BFBE-CF5598FC414D}.Release|Mixed Platforms.Build.0 = Release|Any CPU
		{9CE60D07-D367-4BA8-BFBE-CF5598FC414D}.Release|x86.ActiveCfg = Release|Any CPU
		{EE998776-9F5A-4CA6-8291-9E55786D1989}.Debug|Any CPU.ActiveCfg = Debug|x86
		{EE998776-9F5A-4CA6-8291-9E55786D1989}.Debug|Mixed Platforms.ActiveCfg = Debug|x86
		{EE998776-9F5A-4CA6-8291-9E55786D1989}.Debug|Mixed Platforms.Build.0 = Debug|x86
		{EE998776-9F5A-4CA6-8291-9E55786D1989}.Debug|x86.ActiveCfg = Debug|x86
		{EE998776-9F5A-4CA6-8291-9E55786D1989}.Debug|x86.Build.0 = Debug|x86
		{EE998776-9F5A-4CA6-8291-9E55786D1989}.Release|Any CPU.ActiveCfg = Release|x86
		{EE998776-9F5A-4CA6-8291-9E55786D1989}.Release|Mixed Platforms.ActiveCfg = Release|x86
		{EE998776-9F5A-4CA6-8291-9E55786D1989}.Release|Mixed Platforms.Build.0 = Release|x86
		{EE998776-9F5A-4CA6-8291-9E55786D1989}.Release|x86.ActiveCfg = Release|x86
		{EE998776-9F5A-4CA6-8291-9E55786D1989}.Release|x86.Build.0 = Release|x86
	EndGlobalSection
	GlobalSection(SolutionProperties) = preSolution
		HideSolutionNode = FALSE
	EndGlobalSection
EndGlobal
